
Microsoft Visual Studio Solution File, Format Version 12.00
# Visual Studio 14
VisualStudioVersion = 14.0.25420.1
MinimumVisualStudioVersion = 10.0.40219.1
Project("{FAE04EC0-301F-11D3-BF4B-00C04F79EFBC}") = "1.TwoSum", "1.TwoSum\1.TwoSum.csproj", "{708A43D2-9D6C-4443-A683-044926A3342F}"
EndProject
Project("{FAE04EC0-301F-11D3-BF4B-00C04F79EFBC}") = "2.AddTwoNumbers", "2.AddTwoNumbers\2.AddTwoNumbers.csproj", "{52C382A7-52A4-4402-B04D-249F949C0CB8}"
EndProject
Project("{FAE04EC0-301F-11D3-BF4B-00C04F79EFBC}") = "3.LongestSubString", "3.LongestSubString\3.LongestSubString.csproj", "{41DA452A-9853-4C5D-883C-1F05E23F9441}"
EndProject
Project("{FAE04EC0-301F-11D3-BF4B-00C04F79EFBC}") = "4.FindMedian", "4.FindMedian\4.FindMedian.csproj", "{B78AC8E1-2FB1-44B4-87FA-A9AB7E63CB93}"
EndProject
Project("{FAE04EC0-301F-11D3-BF4B-00C04F79EFBC}") = "5.LongestPalindrome", "5.LongestPalindrome\5.LongestPalindrome.csproj", "{1627129C-4FF8-42FB-8FED-10D78144C9D2}"
EndProject
Project("{FAE04EC0-301F-11D3-BF4B-00C04F79EFBC}") = "7.ReverseInteger", "7.ReverseInteger\7.ReverseInteger.csproj", "{A9F059CD-5E99-4829-916F-A04D27A0349D}"
EndProject
Project("{FAE04EC0-301F-11D3-BF4B-00C04F79EFBC}") = "6.ZigZagConversion", "6.LongestPalindromicSubstring\6.ZigZagConversion.csproj", "{DA85D63A-02CE-49FA-A38E-C1CFCC89EA87}"
EndProject
Project("{FAE04EC0-301F-11D3-BF4B-00C04F79EFBC}") = "8.StringToInteger", "8.StringToInteger\8.StringToInteger.csproj", "{B03B1E65-92BC-4CD5-B361-73C9CE7AAFBD}"
EndProject
Global
	GlobalSection(SolutionConfigurationPlatforms) = preSolution
		Debug|Any CPU = Debug|Any CPU
		Release|Any CPU = Release|Any CPU
	EndGlobalSection
	GlobalSection(ProjectConfigurationPlatforms) = postSolution
		{708A43D2-9D6C-4443-A683-044926A3342F}.Debug|Any CPU.ActiveCfg = Debug|Any CPU
		{708A43D2-9D6C-4443-A683-044926A3342F}.Debug|Any CPU.Build.0 = Debug|Any CPU
		{708A43D2-9D6C-4443-A683-044926A3342F}.Release|Any CPU.ActiveCfg = Release|Any CPU
		{708A43D2-9D6C-4443-A683-044926A3342F}.Release|Any CPU.Build.0 = Release|Any CPU
		{52C382A7-52A4-4402-B04D-249F949C0CB8}.Debug|Any CPU.ActiveCfg = Debug|Any CPU
		{52C382A7-52A4-4402-B04D-249F949C0CB8}.Debug|Any CPU.Build.0 = Debug|Any CPU
		{52C382A7-52A4-4402-B04D-249F949C0CB8}.Release|Any CPU.ActiveCfg = Release|Any CPU
		{52C382A7-52A4-4402-B04D-249F949C0CB8}.Release|Any CPU.Build.0 = Release|Any CPU
		{41DA452A-9853-4C5D-883C-1F05E23F9441}.Debug|Any CPU.ActiveCfg = Debug|Any CPU
		{41DA452A-9853-4C5D-883C-1F05E23F9441}.Debug|Any CPU.Build.0 = Debug|Any CPU
		{41DA452A-9853-4C5D-883C-1F05E23F9441}.Release|Any CPU.ActiveCfg = Release|Any CPU
		{41DA452A-9853-4C5D-883C-1F05E23F9441}.Release|Any CPU.Build.0 = Release|Any CPU
		{B78AC8E1-2FB1-44B4-87FA-A9AB7E63CB93}.Debug|Any CPU.ActiveCfg = Debug|Any CPU
		{B78AC8E1-2FB1-44B4-87FA-A9AB7E63CB93}.Debug|Any CPU.Build.0 = Debug|Any CPU
		{B78AC8E1-2FB1-44B4-87FA-A9AB7E63CB93}.Release|Any CPU.ActiveCfg = Release|Any CPU
		{B78AC8E1-2FB1-44B4-87FA-A9AB7E63CB93}.Release|Any CPU.Build.0 = Release|Any CPU
		{1627129C-4FF8-42FB-8FED-10D78144C9D2}.Debug|Any CPU.ActiveCfg = Debug|Any CPU
		{1627129C-4FF8-42FB-8FED-10D78144C9D2}.Debug|Any CPU.Build.0 = Debug|Any CPU
		{1627129C-4FF8-42FB-8FED-10D78144C9D2}.Release|Any CPU.ActiveCfg = Release|Any CPU
		{1627129C-4FF8-42FB-8FED-10D78144C9D2}.Release|Any CPU.Build.0 = Release|Any CPU
		{A9F059CD-5E99-4829-916F-A04D27A0349D}.Debug|Any CPU.ActiveCfg = Debug|Any CPU
		{A9F059CD-5E99-4829-916F-A04D27A0349D}.Debug|Any CPU.Build.0 = Debug|Any CPU
		{A9F059CD-5E99-4829-916F-A04D27A0349D}.Release|Any CPU.ActiveCfg = Release|Any CPU
		{A9F059CD-5E99-4829-916F-A04D27A0349D}.Release|Any CPU.Build.0 = Release|Any CPU
		{DA85D63A-02CE-49FA-A38E-C1CFCC89EA87}.Debug|Any CPU.ActiveCfg = Debug|Any CPU
		{DA85D63A-02CE-49FA-A38E-C1CFCC89EA87}.Debug|Any CPU.Build.0 = Debug|Any CPU
		{DA85D63A-02CE-49FA-A38E-C1CFCC89EA87}.Release|Any CPU.ActiveCfg = Release|Any CPU
		{DA85D63A-02CE-49FA-A38E-C1CFCC89EA87}.Release|Any CPU.Build.0 = Release|Any CPU
		{B03B1E65-92BC-4CD5-B361-73C9CE7AAFBD}.Debug|Any CPU.ActiveCfg = Debug|Any CPU
		{B03B1E65-92BC-4CD5-B361-73C9CE7AAFBD}.Debug|Any CPU.Build.0 = Debug|Any CPU
		{B03B1E65-92BC-4CD5-B361-73C9CE7AAFBD}.Release|Any CPU.ActiveCfg = Release|Any CPU
		{B03B1E65-92BC-4CD5-B361-73C9CE7AAFBD}.Release|Any CPU.Build.0 = Release|Any CPU
	EndGlobalSection
	GlobalSection(SolutionProperties) = preSolution
		HideSolutionNode = FALSE
	EndGlobalSection
EndGlobal
